// !$*UTF8*$!
{
	archiveVersion = 1;
	classes = {
	};
	objectVersion = 46;
	objects = {

/* Begin PBXBuildFile section */
		E1EE83691743DDA400ED6421 /* UIKit.framework in Frameworks */ = {isa = PBXBuildFile; fileRef = E1EE83681743DDA400ED6421 /* UIKit.framework */; };
		E1EE836B1743DDA400ED6421 /* Foundation.framework in Frameworks */ = {isa = PBXBuildFile; fileRef = E1EE836A1743DDA400ED6421 /* Foundation.framework */; };
		E1EE836D1743DDA400ED6421 /* CoreGraphics.framework in Frameworks */ = {isa = PBXBuildFile; fileRef = E1EE836C1743DDA400ED6421 /* CoreGraphics.framework */; };
		E1EE83731743DDA400ED6421 /* InfoPlist.strings in Resources */ = {isa = PBXBuildFile; fileRef = E1EE83711743DDA400ED6421 /* InfoPlist.strings */; };
		E1EE83751743DDA400ED6421 /* main.m in Sources */ = {isa = PBXBuildFile; fileRef = E1EE83741743DDA400ED6421 /* main.m */; };
		E1EE83791743DDA400ED6421 /* AppDelegate.m in Sources */ = {isa = PBXBuildFile; fileRef = E1EE83781743DDA400ED6421 /* AppDelegate.m */; };
		E1EE837B1743DDA400ED6421 /* Default.png in Resources */ = {isa = PBXBuildFile; fileRef = E1EE837A1743DDA400ED6421 /* Default.png */; };
		E1EE837D1743DDA400ED6421 /* Default@2x.png in Resources */ = {isa = PBXBuildFile; fileRef = E1EE837C1743DDA400ED6421 /* Default@2x.png */; };
		E1EE837F1743DDA400ED6421 /* Default-568h@2x.png in Resources */ = {isa = PBXBuildFile; fileRef = E1EE837E1743DDA400ED6421 /* Default-568h@2x.png */; };
		E1EE83931743DE8A00ED6421 /* Localizable.strings in Resources */ = {isa = PBXBuildFile; fileRef = E1EE83871743DE8A00ED6421 /* Localizable.strings */; };
		E1EE83941743DE8A00ED6421 /* NSData+Base64.m in Sources */ = {isa = PBXBuildFile; fileRef = E1EE83891743DE8A00ED6421 /* NSData+Base64.m */; };
		E1EE83951743DE8A00ED6421 /* NSDate+DateFormatter.m in Sources */ = {isa = PBXBuildFile; fileRef = E1EE838B1743DE8A00ED6421 /* NSDate+DateFormatter.m */; };
		E1EE83961743DE8A00ED6421 /* NSNumber+DirectionString.m in Sources */ = {isa = PBXBuildFile; fileRef = E1EE838D1743DE8A00ED6421 /* NSNumber+DirectionString.m */; };
		E1EE83971743DE8A00ED6421 /* NSNumber+Speed.m in Sources */ = {isa = PBXBuildFile; fileRef = E1EE838F1743DE8A00ED6421 /* NSNumber+Speed.m */; };
		E1EE83981743DE8A00ED6421 /* NSString+MD5.m in Sources */ = {isa = PBXBuildFile; fileRef = E1EE83911743DE8A00ED6421 /* NSString+MD5.m */; };
		E1EE83C31743F48E00ED6421 /* progress-count.png in Resources */ = {isa = PBXBuildFile; fileRef = E1EE83B71743F48E00ED6421 /* progress-count.png */; };
		E1EE83C41743F48E00ED6421 /* progress-count@2x.png in Resources */ = {isa = PBXBuildFile; fileRef = E1EE83B81743F48E00ED6421 /* progress-count@2x.png */; };
		E1EE83C51743F48E00ED6421 /* progress-fill-blue.png in Resources */ = {isa = PBXBuildFile; fileRef = E1EE83B91743F48E00ED6421 /* progress-fill-blue.png */; };
		E1EE83C61743F48E00ED6421 /* progress-fill-blue@2x.png in Resources */ = {isa = PBXBuildFile; fileRef = E1EE83BA1743F48E00ED6421 /* progress-fill-blue@2x.png */; };
		E1EE83C71743F48E00ED6421 /* progress-fill-brown.png in Resources */ = {isa = PBXBuildFile; fileRef = E1EE83BB1743F48E00ED6421 /* progress-fill-brown.png */; };
		E1EE83C81743F48E00ED6421 /* progress-fill-brown@2x.png in Resources */ = {isa = PBXBuildFile; fileRef = E1EE83BC1743F48E00ED6421 /* progress-fill-brown@2x.png */; };
		E1EE83C91743F48E00ED6421 /* progress-fill-green.png in Resources */ = {isa = PBXBuildFile; fileRef = E1EE83BD1743F48E00ED6421 /* progress-fill-green.png */; };
		E1EE83CA1743F48E00ED6421 /* progress-fill-green@2x.png in Resources */ = {isa = PBXBuildFile; fileRef = E1EE83BE1743F48E00ED6421 /* progress-fill-green@2x.png */; };
		E1EE83CB1743F48E00ED6421 /* progress-fill-red.png in Resources */ = {isa = PBXBuildFile; fileRef = E1EE83BF1743F48E00ED6421 /* progress-fill-red.png */; };
		E1EE83CC1743F48E00ED6421 /* progress-fill-red@2x.png in Resources */ = {isa = PBXBuildFile; fileRef = E1EE83C01743F48E00ED6421 /* progress-fill-red@2x.png */; };
		E1EE83CD1743F48E00ED6421 /* progress-track.png in Resources */ = {isa = PBXBuildFile; fileRef = E1EE83C11743F48E00ED6421 /* progress-track.png */; };
		E1EE83CE1743F48E00ED6421 /* progress-track@2x.png in Resources */ = {isa = PBXBuildFile; fileRef = E1EE83C21743F48E00ED6421 /* progress-track@2x.png */; };
		E1EE83D9174437D800ED6421 /* DTAProgressBar.m in Sources */ = {isa = PBXBuildFile; fileRef = E1EE83D7174437D800ED6421 /* DTAProgressBar.m */; };
		E1EE83DA174437D800ED6421 /* WindMeterViewController.m in Sources */ = {isa = PBXBuildFile; fileRef = E1EE83D8174437D800ED6421 /* WindMeterViewController.m */; };
/* End PBXBuildFile section */

/* Begin PBXFileReference section */
		E1EE83651743DDA400ED6421 /* ios-utils.app */ = {isa = PBXFileReference; explicitFileType = wrapper.application; includeInIndex = 0; path = "ios-utils.app"; sourceTree = BUILT_PRODUCTS_DIR; };
		E1EE83681743DDA400ED6421 /* UIKit.framework */ = {isa = PBXFileReference; lastKnownFileType = wrapper.framework; name = UIKit.framework; path = System/Library/Frameworks/UIKit.framework; sourceTree = SDKROOT; };
		E1EE836A1743DDA400ED6421 /* Foundation.framework */ = {isa = PBXFileReference; lastKnownFileType = wrapper.framework; name = Foundation.framework; path = System/Library/Frameworks/Foundation.framework; sourceTree = SDKROOT; };
		E1EE836C1743DDA400ED6421 /* CoreGraphics.framework */ = {isa = PBXFileReference; lastKnownFileType = wrapper.framework; name = CoreGraphics.framework; path = System/Library/Frameworks/CoreGraphics.framework; sourceTree = SDKROOT; };
		E1EE83701743DDA400ED6421 /* ios-utils-Info.plist */ = {isa = PBXFileReference; lastKnownFileType = text.plist.xml; path = "ios-utils-Info.plist"; sourceTree = "<group>"; };
		E1EE83721743DDA400ED6421 /* en */ = {isa = PBXFileReference; lastKnownFileType = text.plist.strings; name = en; path = en.lproj/InfoPlist.strings; sourceTree = "<group>"; };
		E1EE83741743DDA400ED6421 /* main.m */ = {isa = PBXFileReference; lastKnownFileType = sourcecode.c.objc; path = main.m; sourceTree = "<group>"; };
		E1EE83761743DDA400ED6421 /* ios-utils-Prefix.pch */ = {isa = PBXFileReference; lastKnownFileType = sourcecode.c.h; path = "ios-utils-Prefix.pch"; sourceTree = "<group>"; };
		E1EE83771743DDA400ED6421 /* AppDelegate.h */ = {isa = PBXFileReference; lastKnownFileType = sourcecode.c.h; path = AppDelegate.h; sourceTree = "<group>"; };
		E1EE83781743DDA400ED6421 /* AppDelegate.m */ = {isa = PBXFileReference; lastKnownFileType = sourcecode.c.objc; path = AppDelegate.m; sourceTree = "<group>"; };
		E1EE837A1743DDA400ED6421 /* Default.png */ = {isa = PBXFileReference; lastKnownFileType = image.png; path = Default.png; sourceTree = "<group>"; };
		E1EE837C1743DDA400ED6421 /* Default@2x.png */ = {isa = PBXFileReference; lastKnownFileType = image.png; path = "Default@2x.png"; sourceTree = "<group>"; };
		E1EE837E1743DDA400ED6421 /* Default-568h@2x.png */ = {isa = PBXFileReference; lastKnownFileType = image.png; path = "Default-568h@2x.png"; sourceTree = "<group>"; };
		E1EE83871743DE8A00ED6421 /* Localizable.strings */ = {isa = PBXFileReference; fileEncoding = 4; lastKnownFileType = text.plist.strings; path = Localizable.strings; sourceTree = "<group>"; };
		E1EE83881743DE8A00ED6421 /* NSData+Base64.h */ = {isa = PBXFileReference; fileEncoding = 4; lastKnownFileType = sourcecode.c.h; path = "NSData+Base64.h"; sourceTree = "<group>"; };
		E1EE83891743DE8A00ED6421 /* NSData+Base64.m */ = {isa = PBXFileReference; fileEncoding = 4; lastKnownFileType = sourcecode.c.objc; path = "NSData+Base64.m"; sourceTree = "<group>"; };
		E1EE838A1743DE8A00ED6421 /* NSDate+DateFormatter.h */ = {isa = PBXFileReference; fileEncoding = 4; lastKnownFileType = sourcecode.c.h; path = "NSDate+DateFormatter.h"; sourceTree = "<group>"; };
		E1EE838B1743DE8A00ED6421 /* NSDate+DateFormatter.m */ = {isa = PBXFileReference; fileEncoding = 4; lastKnownFileType = sourcecode.c.objc; path = "NSDate+DateFormatter.m"; sourceTree = "<group>"; };
		E1EE838C1743DE8A00ED6421 /* NSNumber+DirectionString.h */ = {isa = PBXFileReference; fileEncoding = 4; lastKnownFileType = sourcecode.c.h; path = "NSNumber+DirectionString.h"; sourceTree = "<group>"; };
		E1EE838D1743DE8A00ED6421 /* NSNumber+DirectionString.m */ = {isa = PBXFileReference; fileEncoding = 4; lastKnownFileType = sourcecode.c.objc; path = "NSNumber+DirectionString.m"; sourceTree = "<group>"; };
		E1EE838E1743DE8A00ED6421 /* NSNumber+Speed.h */ = {isa = PBXFileReference; fileEncoding = 4; lastKnownFileType = sourcecode.c.h; path = "NSNumber+Speed.h"; sourceTree = "<group>"; };
		E1EE838F1743DE8A00ED6421 /* NSNumber+Speed.m */ = {isa = PBXFileReference; fileEncoding = 4; lastKnownFileType = sourcecode.c.objc; path = "NSNumber+Speed.m"; sourceTree = "<group>"; };
		E1EE83901743DE8A00ED6421 /* NSString+MD5.h */ = {isa = PBXFileReference; fileEncoding = 4; lastKnownFileType = sourcecode.c.h; path = "NSString+MD5.h"; sourceTree = "<group>"; };
		E1EE83911743DE8A00ED6421 /* NSString+MD5.m */ = {isa = PBXFileReference; fileEncoding = 4; lastKnownFileType = sourcecode.c.objc; path = "NSString+MD5.m"; sourceTree = "<group>"; };
		E1EE83B71743F48E00ED6421 /* progress-count.png */ = {isa = PBXFileReference; lastKnownFileType = image.png; path = "progress-count.png"; sourceTree = "<group>"; };
		E1EE83B81743F48E00ED6421 /* progress-count@2x.png */ = {isa = PBXFileReference; lastKnownFileType = image.png; path = "progress-count@2x.png"; sourceTree = "<group>"; };
		E1EE83B91743F48E00ED6421 /* progress-fill-blue.png */ = {isa = PBXFileReference; lastKnownFileType = image.png; path = "progress-fill-blue.png"; sourceTree = "<group>"; };
		E1EE83BA1743F48E00ED6421 /* progress-fill-blue@2x.png */ = {isa = PBXFileReference; lastKnownFileType = image.png; path = "progress-fill-blue@2x.png"; sourceTree = "<group>"; };
		E1EE83BB1743F48E00ED6421 /* progress-fill-brown.png */ = {isa = PBXFileReference; lastKnownFileType = image.png; path = "progress-fill-brown.png"; sourceTree = "<group>"; };
		E1EE83BC1743F48E00ED6421 /* progress-fill-brown@2x.png */ = {isa = PBXFileReference; lastKnownFileType = image.png; path = "progress-fill-brown@2x.png"; sourceTree = "<group>"; };
		E1EE83BD1743F48E00ED6421 /* progress-fill-green.png */ = {isa = PBXFileReference; lastKnownFileType = image.png; path = "progress-fill-green.png"; sourceTree = "<group>"; };
		E1EE83BE1743F48E00ED6421 /* progress-fill-green@2x.png */ = {isa = PBXFileReference; lastKnownFileType = image.png; path = "progress-fill-green@2x.png"; sourceTree = "<group>"; };
		E1EE83BF1743F48E00ED6421 /* progress-fill-red.png */ = {isa = PBXFileReference; lastKnownFileType = image.png; path = "progress-fill-red.png"; sourceTree = "<group>"; };
		E1EE83C01743F48E00ED6421 /* progress-fill-red@2x.png */ = {isa = PBXFileReference; lastKnownFileType = image.png; path = "progress-fill-red@2x.png"; sourceTree = "<group>"; };
		E1EE83C11743F48E00ED6421 /* progress-track.png */ = {isa = PBXFileReference; lastKnownFileType = image.png; path = "progress-track.png"; sourceTree = "<group>"; };
		E1EE83C21743F48E00ED6421 /* progress-track@2x.png */ = {isa = PBXFileReference; lastKnownFileType = image.png; path = "progress-track@2x.png"; sourceTree = "<group>"; };
		E1EE83D6174437D800ED6421 /* DTAProgressBar.h */ = {isa = PBXFileReference; fileEncoding = 4; lastKnownFileType = sourcecode.c.h; path = DTAProgressBar.h; sourceTree = "<group>"; };
		E1EE83D7174437D800ED6421 /* DTAProgressBar.m */ = {isa = PBXFileReference; fileEncoding = 4; lastKnownFileType = sourcecode.c.objc; path = DTAProgressBar.m; sourceTree = "<group>"; };
		E1EE83D8174437D800ED6421 /* WindMeterViewController.m */ = {isa = PBXFileReference; fileEncoding = 4; lastKnownFileType = sourcecode.c.objc; path = WindMeterViewController.m; sourceTree = "<group>"; };
/* End PBXFileReference section */

/* Begin PBXFrameworksBuildPhase section */
		E1EE83621743DDA400ED6421 /* Frameworks */ = {
			isa = PBXFrameworksBuildPhase;
			buildActionMask = 2147483647;
			files = (
				E1EE83691743DDA400ED6421 /* UIKit.framework in Frameworks */,
				E1EE836B1743DDA400ED6421 /* Foundation.framework in Frameworks */,
				E1EE836D1743DDA400ED6421 /* CoreGraphics.framework in Frameworks */,
			);
			runOnlyForDeploymentPostprocessing = 0;
		};
/* End PBXFrameworksBuildPhase section */

/* Begin PBXGroup section */
		E1EE835C1743DDA400ED6421 = {
			isa = PBXGroup;
			children = (
				E1EE836E1743DDA400ED6421 /* ios-utils */,
				E1EE83671743DDA400ED6421 /* Frameworks */,
				E1EE83661743DDA400ED6421 /* Products */,
			);
			sourceTree = "<group>";
		};
		E1EE83661743DDA400ED6421 /* Products */ = {
			isa = PBXGroup;
			children = (
				E1EE83651743DDA400ED6421 /* ios-utils.app */,
			);
			name = Products;
			sourceTree = "<group>";
		};
		E1EE83671743DDA400ED6421 /* Frameworks */ = {
			isa = PBXGroup;
			children = (
				E1EE83681743DDA400ED6421 /* UIKit.framework */,
				E1EE836A1743DDA400ED6421 /* Foundation.framework */,
				E1EE836C1743DDA400ED6421 /* CoreGraphics.framework */,
			);
			name = Frameworks;
			sourceTree = "<group>";
		};
		E1EE836E1743DDA400ED6421 /* ios-utils */ = {
			isa = PBXGroup;
			children = (
				E1EE83D01743F4B900ED6421 /* Categories */,
				E1EE83CF1743F4A600ED6421 /* DTAProgressBar */,
				E1EE83771743DDA400ED6421 /* AppDelegate.h */,
				E1EE83781743DDA400ED6421 /* AppDelegate.m */,
				E1EE836F1743DDA400ED6421 /* Supporting Files */,
			);
			path = "ios-utils";
			sourceTree = "<group>";
		};
		E1EE836F1743DDA400ED6421 /* Supporting Files */ = {
			isa = PBXGroup;
			children = (
				E1EE83B61743F47C00ED6421 /* images */,
				E1EE83871743DE8A00ED6421 /* Localizable.strings */,
				E1EE83701743DDA400ED6421 /* ios-utils-Info.plist */,
				E1EE83711743DDA400ED6421 /* InfoPlist.strings */,
				E1EE83741743DDA400ED6421 /* main.m */,
				E1EE83761743DDA400ED6421 /* ios-utils-Prefix.pch */,
				E1EE837A1743DDA400ED6421 /* Default.png */,
				E1EE837C1743DDA400ED6421 /* Default@2x.png */,
				E1EE837E1743DDA400ED6421 /* Default-568h@2x.png */,
			);
			name = "Supporting Files";
			sourceTree = "<group>";
		};
		E1EE83B61743F47C00ED6421 /* images */ = {
			isa = PBXGroup;
			children = (
				E1EE83B71743F48E00ED6421 /* progress-count.png */,
				E1EE83B81743F48E00ED6421 /* progress-count@2x.png */,
				E1EE83B91743F48E00ED6421 /* progress-fill-blue.png */,
				E1EE83BA1743F48E00ED6421 /* progress-fill-blue@2x.png */,
				E1EE83BB1743F48E00ED6421 /* progress-fill-brown.png */,
				E1EE83BC1743F48E00ED6421 /* progress-fill-brown@2x.png */,
				E1EE83BD1743F48E00ED6421 /* progress-fill-green.png */,
				E1EE83BE1743F48E00ED6421 /* progress-fill-green@2x.png */,
				E1EE83BF1743F48E00ED6421 /* progress-fill-red.png */,
				E1EE83C01743F48E00ED6421 /* progress-fill-red@2x.png */,
				E1EE83C11743F48E00ED6421 /* progress-track.png */,
				E1EE83C21743F48E00ED6421 /* progress-track@2x.png */,
			);
			name = images;
			sourceTree = "<group>";
		};
		E1EE83CF1743F4A600ED6421 /* DTAProgressBar */ = {
			isa = PBXGroup;
			children = (
				E1EE83D6174437D800ED6421 /* DTAProgressBar.h */,
				E1EE83D7174437D800ED6421 /* DTAProgressBar.m */,
				E1EE83D8174437D800ED6421 /* WindMeterViewController.m */,
			);
			name = DTAProgressBar;
			sourceTree = "<group>";
		};
		E1EE83D01743F4B900ED6421 /* Categories */ = {
			isa = PBXGroup;
			children = (
				E1EE83881743DE8A00ED6421 /* NSData+Base64.h */,
				E1EE83891743DE8A00ED6421 /* NSData+Base64.m */,
				E1EE838A1743DE8A00ED6421 /* NSDate+DateFormatter.h */,
				E1EE838B1743DE8A00ED6421 /* NSDate+DateFormatter.m */,
				E1EE838C1743DE8A00ED6421 /* NSNumber+DirectionString.h */,
				E1EE838D1743DE8A00ED6421 /* NSNumber+DirectionString.m */,
				E1EE838E1743DE8A00ED6421 /* NSNumber+Speed.h */,
				E1EE838F1743DE8A00ED6421 /* NSNumber+Speed.m */,
				E1EE83901743DE8A00ED6421 /* NSString+MD5.h */,
				E1EE83911743DE8A00ED6421 /* NSString+MD5.m */,
			);
			name = Categories;
			sourceTree = "<group>";
		};
/* End PBXGroup section */

/* Begin PBXNativeTarget section */
		E1EE83641743DDA400ED6421 /* ios-utils */ = {
			isa = PBXNativeTarget;
			buildConfigurationList = E1EE83821743DDA400ED6421 /* Build configuration list for PBXNativeTarget "ios-utils" */;
			buildPhases = (
				E1EE83611743DDA400ED6421 /* Sources */,
				E1EE83621743DDA400ED6421 /* Frameworks */,
				E1EE83631743DDA400ED6421 /* Resources */,
			);
			buildRules = (
			);
			dependencies = (
			);
			name = "ios-utils";
			productName = "ios-utils";
			productReference = E1EE83651743DDA400ED6421 /* ios-utils.app */;
			productType = "com.apple.product-type.application";
		};
/* End PBXNativeTarget section */

/* Begin PBXProject section */
		E1EE835D1743DDA400ED6421 /* Project object */ = {
			isa = PBXProject;
			attributes = {
				LastUpgradeCheck = 0460;
				ORGANIZATIONNAME = "Derek Trauger & Associates, LLC";
			};
			buildConfigurationList = E1EE83601743DDA400ED6421 /* Build configuration list for PBXProject "ios-utils" */;
			compatibilityVersion = "Xcode 3.2";
			developmentRegion = English;
			hasScannedForEncodings = 0;
			knownRegions = (
				en,
			);
			mainGroup = E1EE835C1743DDA400ED6421;
			productRefGroup = E1EE83661743DDA400ED6421 /* Products */;
			projectDirPath = "";
			projectRoot = "";
			targets = (
				E1EE83641743DDA400ED6421 /* ios-utils */,
			);
		};
/* End PBXProject section */

/* Begin PBXResourcesBuildPhase section */
		E1EE83631743DDA400ED6421 /* Resources */ = {
			isa = PBXResourcesBuildPhase;
			buildActionMask = 2147483647;
			files = (
				E1EE83731743DDA400ED6421 /* InfoPlist.strings in Resources */,
				E1EE837B1743DDA400ED6421 /* Default.png in Resources */,
				E1EE837D1743DDA400ED6421 /* Default@2x.png in Resources */,
				E1EE837F1743DDA400ED6421 /* Default-568h@2x.png in Resources */,
				E1EE83931743DE8A00ED6421 /* Localizable.strings in Resources */,
				E1EE83C31743F48E00ED6421 /* progress-count.png in Resources */,
				E1EE83C41743F48E00ED6421 /* progress-count@2x.png in Resources */,
				E1EE83C51743F48E00ED6421 /* progress-fill-blue.png in Resources */,
				E1EE83C61743F48E00ED6421 /* progress-fill-blue@2x.png in Resources */,
				E1EE83C71743F48E00ED6421 /* progress-fill-brown.png in Resources */,
				E1EE83C81743F48E00ED6421 /* progress-fill-brown@2x.png in Resources */,
				E1EE83C91743F48E00ED6421 /* progress-fill-green.png in Resources */,
				E1EE83CA1743F48E00ED6421 /* progress-fill-green@2x.png in Resources */,
				E1EE83CB1743F48E00ED6421 /* progress-fill-red.png in Resources */,
				E1EE83CC1743F48E00ED6421 /* progress-fill-red@2x.png in Resources */,
				E1EE83CD1743F48E00ED6421 /* progress-track.png in Resources */,
				E1EE83CE1743F48E00ED6421 /* progress-track@2x.png in Resources */,
			);
			runOnlyForDeploymentPostprocessing = 0;
		};
/* End PBXResourcesBuildPhase section */

/* Begin PBXSourcesBuildPhase section */
		E1EE83611743DDA400ED6421 /* Sources */ = {
			isa = PBXSourcesBuildPhase;
			buildActionMask = 2147483647;
			files = (
				E1EE83751743DDA400ED6421 /* main.m in Sources */,
				E1EE83791743DDA400ED6421 /* AppDelegate.m in Sources */,
				E1EE83941743DE8A00ED6421 /* NSData+Base64.m in Sources */,
				E1EE83951743DE8A00ED6421 /* NSDate+DateFormatter.m in Sources */,
				E1EE83961743DE8A00ED6421 /* NSNumber+DirectionString.m in Sources */,
				E1EE83971743DE8A00ED6421 /* NSNumber+Speed.m in Sources */,
				E1EE83981743DE8A00ED6421 /* NSString+MD5.m in Sources */,
				E1EE83D9174437D800ED6421 /* DTAProgressBar.m in Sources */,
				E1EE83DA174437D800ED6421 /* WindMeterViewController.m in Sources */,
			);
			runOnlyForDeploymentPostprocessing = 0;
		};
/* End PBXSourcesBuildPhase section */

/* Begin PBXVariantGroup section */
		E1EE83711743DDA400ED6421 /* InfoPlist.strings */ = {
			isa = PBXVariantGroup;
			children = (
				E1EE83721743DDA400ED6421 /* en */,
			);
			name = InfoPlist.strings;
			sourceTree = "<group>";
		};
/* End PBXVariantGroup section */

/* Begin XCBuildConfiguration section */
		E1EE83801743DDA400ED6421 /* Debug */ = {
			isa = XCBuildConfiguration;
			buildSettings = {
				ALWAYS_SEARCH_USER_PATHS = NO;
				CLANG_CXX_LANGUAGE_STANDARD = "gnu++0x";
				CLANG_CXX_LIBRARY = "libc++";
				CLANG_WARN_CONSTANT_CONVERSION = YES;
				CLANG_WARN_EMPTY_BODY = YES;
				CLANG_WARN_ENUM_CONVERSION = YES;
				CLANG_WARN_INT_CONVERSION = YES;
				CLANG_WARN__DUPLICATE_METHOD_MATCH = YES;
				"CODE_SIGN_IDENTITY[sdk=iphoneos*]" = "iPhone Developer";
				COPY_PHASE_STRIP = NO;
				GCC_C_LANGUAGE_STANDARD = gnu99;
				GCC_DYNAMIC_NO_PIC = NO;
				GCC_OPTIMIZATION_LEVEL = 0;
				GCC_PREPROCESSOR_DEFINITIONS = (
					"DEBUG=1",
					"$(inherited)",
				);
				GCC_SYMBOLS_PRIVATE_EXTERN = NO;
				GCC_WARN_ABOUT_RETURN_TYPE = YES;
				GCC_WARN_UNINITIALIZED_AUTOS = YES;
				GCC_WARN_UNUSED_VARIABLE = YES;
				IPHONEOS_DEPLOYMENT_TARGET = 6.1;
				ONLY_ACTIVE_ARCH = YES;
				SDKROOT = iphoneos;
				TARGETED_DEVICE_FAMILY = "1,2";
			};
			name = Debug;
		};
		E1EE83811743DDA400ED6421 /* Release */ = {
			isa = XCBuildConfiguration;
			buildSettings = {
				ALWAYS_SEARCH_USER_PATHS = NO;
				CLANG_CXX_LANGUAGE_STANDARD = "gnu++0x";
				CLANG_CXX_LIBRARY = "libc++";
				CLANG_WARN_CONSTANT_CONVERSION = YES;
				CLANG_WARN_EMPTY_BODY = YES;
				CLANG_WARN_ENUM_CONVERSION = YES;
				CLANG_WARN_INT_CONVERSION = YES;
				CLANG_WARN__DUPLICATE_METHOD_MATCH = YES;
				"CODE_SIGN_IDENTITY[sdk=iphoneos*]" = "iPhone Developer";
				COPY_PHASE_STRIP = YES;
				GCC_C_LANGUAGE_STANDARD = gnu99;
				GCC_WARN_ABOUT_RETURN_TYPE = YES;
				GCC_WARN_UNINITIALIZED_AUTOS = YES;
				GCC_WARN_UNUSED_VARIABLE = YES;
				IPHONEOS_DEPLOYMENT_TARGET = 6.1;
				OTHER_CFLAGS = "-DNS_BLOCK_ASSERTIONS=1";
				SDKROOT = iphoneos;
				TARGETED_DEVICE_FAMILY = "1,2";
				VALIDATE_PRODUCT = YES;
			};
			name = Release;
		};
		E1EE83831743DDA400ED6421 /* Debug */ = {
			isa = XCBuildConfiguration;
			buildSettings = {
				GCC_PRECOMPILE_PREFIX_HEADER = YES;
				GCC_PREFIX_HEADER = "ios-utils/ios-utils-Prefix.pch";
				INFOPLIST_FILE = "ios-utils/ios-utils-Info.plist";
				PRODUCT_NAME = "$(TARGET_NAME)";
				WRAPPER_EXTENSION = app;
			};
			name = Debug;
		};
		E1EE83841743DDA400ED6421 /* Release */ = {
			isa = XCBuildConfiguration;
			buildSettings = {
				GCC_PRECOMPILE_PREFIX_HEADER = YES;
				GCC_PREFIX_HEADER = "ios-utils/ios-utils-Prefix.pch";
				INFOPLIST_FILE = "ios-utils/ios-utils-Info.plist";
				PRODUCT_NAME = "$(TARGET_NAME)";
				WRAPPER_EXTENSION = app;
			};
			name = Release;
		};
/* End XCBuildConfiguration section */

/* Begin XCConfigurationList section */
		E1EE83601743DDA400ED6421 /* Build configuration list for PBXProject "ios-utils" */ = {
			isa = XCConfigurationList;
			buildConfigurations = (
				E1EE83801743DDA400ED6421 /* Debug */,
				E1EE83811743DDA400ED6421 /* Release */,
			);
			defaultConfigurationIsVisible = 0;
			defaultConfigurationName = Release;
		};
		E1EE83821743DDA400ED6421 /* Build configuration list for PBXNativeTarget "ios-utils" */ = {
			isa = XCConfigurationList;
			buildConfigurations = (
				E1EE83831743DDA400ED6421 /* Debug */,
				E1EE83841743DDA400ED6421 /* Release */,
			);
			defaultConfigurationIsVisible = 0;
			defaultConfigurationName = Release;
		};
/* End XCConfigurationList section */
	};
	rootObject = E1EE835D1743DDA400ED6421 /* Project object */;
}
